
Microsoft Visual Studio Solution File, Format Version 12.00
# Visual Studio 15
VisualStudioVersion = 15.0.27130.2027
MinimumVisualStudioVersion = 10.0.40219.1
Project("{FAE04EC0-301F-11D3-BF4B-00C04F79EFBC}") = "Exception_Async_Await_Pj", "Exception_Async_Await_Pj\Exception_Async_Await_Pj.csproj", "{6218705B-5FFC-413F-882D-2004F1F50279}"
EndProject
Global
	GlobalSection(SolutionConfigurationPlatforms) = preSolution
		Debug|Any CPU = Debug|Any CPU
		Release|Any CPU = Release|Any CPU
	EndGlobalSection
	GlobalSection(ProjectConfigurationPlatforms) = postSolution
		{6218705B-5FFC-413F-882D-2004F1F50279}.Debug|Any CPU.ActiveCfg = Debug|Any CPU
		{6218705B-5FFC-413F-882D-2004F1F50279}.Debug|Any CPU.Build.0 = Debug|Any CPU
		{6218705B-5FFC-413F-882D-2004F1F50279}.Release|Any CPU.ActiveCfg = Release|Any CPU
		{6218705B-5FFC-413F-882D-2004F1F50279}.Release|Any CPU.Build.0 = Release|Any CPU
	EndGlobalSection
	GlobalSection(SolutionProperties) = preSolution
		HideSolutionNode = FALSE
	EndGlobalSection
	GlobalSection(ExtensibilityGlobals) = postSolution
		SolutionGuid = {AA6F3DB2-7011-409F-AD8E-AFFA32384D0E}
	EndGlobalSection
EndGlobal
